
Microsoft Visual Studio Solution File, Format Version 12.00
# Visual Studio Version 16
VisualStudioVersion = 16.0.31410.357
MinimumVisualStudioVersion = 10.0.40219.1
Project("{FAE04EC0-301F-11D3-BF4B-00C04F79EFBC}") = "Person", "Person\Person.csproj", "{65B7DF6D-21C7-4868-9E7B-136DB8CF336E}"
EndProject
Global
	GlobalSection(SolutionConfigurationPlatforms) = preSolution
		Debug|Any CPU = Debug|Any CPU
		Release|Any CPU = Release|Any CPU
	EndGlobalSection
	GlobalSection(ProjectConfigurationPlatforms) = postSolution
		{65B7DF6D-21C7-4868-9E7B-136DB8CF336E}.Debug|Any CPU.ActiveCfg = Debug|Any CPU
		{65B7DF6D-21C7-4868-9E7B-136DB8CF336E}.Debug|Any CPU.Build.0 = Debug|Any CPU
		{65B7DF6D-21C7-4868-9E7B-136DB8CF336E}.Release|Any CPU.ActiveCfg = Release|Any CPU
		{65B7DF6D-21C7-4868-9E7B-136DB8CF336E}.Release|Any CPU.Build.0 = Release|Any CPU
	EndGlobalSection
	GlobalSection(SolutionProperties) = preSolution
		HideSolutionNode = FALSE
	EndGlobalSection
	GlobalSection(ExtensibilityGlobals) = postSolution
		SolutionGuid = {C425A46F-A1E7-4EFC-999E-0610678A1D1A}
	EndGlobalSection
EndGlobal
